# This file is autogenerated, do not edit; changes may be undone by the next 'dep ensure'.


[[projects]]
  branch = "master"
  digest = "1:3a5fa72cc165ccd1c17172113780148fe4dabe0dd75a9a319b5bd74dd11419b4"
  name = "github.com/benthor/clustersql"
  packages = ["."]
  pruneopts = "UT"
  revision = "0784d8c2b511a0c3a8a5688aa100bc6669d72a89"

[[projects]]
  digest = "1:76dc72490af7174349349838f2fe118996381b31ea83243812a97e5a0fd5ed55"
  name = "github.com/dgrijalva/jwt-go"
  packages = ["."]
  pruneopts = "UT"
  revision = "06ea1031745cb8b3dab3f6a236daf2b0aa468b7e"
  version = "v3.2.0"

[[projects]]
  digest = "1:a02c0aa06c855273629bfa70c26b542de4ef1ec7b94cc6aeb6eb83783a14bc9c"
  name = "github.com/fasthttp/router"
  packages = [
    ".",
    "radix",
  ]
  pruneopts = "UT"
  revision = "b3105838643719d4ca2efcc31a676b4ec9d20867"
  version = "v1.2.4"

[[projects]]
  digest = "1:a3af33fd30536d9c5a7b6ad542390919e57c1125097a194c7b3d9904109a0611"
  name = "github.com/go-sql-driver/mysql"
  packages = ["."]
  pruneopts = "UT"
  revision = "17ef3dd9d98b69acec3e85878995ada9533a9370"
  version = "v1.5.0"

[[projects]]
  digest = "1:c7a5e8c211c28f6a50d4a2c4c9ed6b9f03a4ba79590ac7c32248afa74d17edb5"
  name = "github.com/huandu/go-sqlbuilder"
  packages = ["."]
  pruneopts = "UT"
  revision = "da0dc3a920b5e09393a6bcaafba21a0443871a12"
  version = "v1.8.0"

[[projects]]
  digest = "1:6dbdb48005dbf5814c8a9ccf12fc25a4f1c2c19d6261815c5b16558fe489afe8"
  name = "github.com/klauspost/compress"
  packages = [
    "flate",
    "gzip",
    "zlib",
  ]
  pruneopts = "UT"
  revision = "a8f778f32d263b3a95d1e5a90534f5f680560abe"
  version = "v1.10.10"

[[projects]]
  digest = "1:808cdddf087fb64baeae67b8dfaee2069034d9704923a3cb8bd96a995421a625"
  name = "github.com/patrickmn/go-cache"
  packages = ["."]
  pruneopts = "UT"
  revision = "a3647f8e31d79543b2d0f0ae2fe5c379d72cedc0"
  version = "v2.1.0"

[[projects]]
  branch = "master"
  digest = "1:a227b25fd211ea694def4b0948a0c56a6f7988789dcfc8b0b72cbef8507c596a"
  name = "github.com/savsgio/gotils"
  packages = ["."]
  pruneopts = "UT"
  revision = "13ff1fd2c28cba667907baad9c6b9c6da1415b3b"

[[projects]]
  digest = "1:c468422f334a6b46a19448ad59aaffdfc0a36b08fdcc1c749a0b29b6453d7e59"
  name = "github.com/valyala/bytebufferpool"
  packages = ["."]
  pruneopts = "UT"
  revision = "e746df99fe4a3986f4d4f79e13c1e0117ce9c2f7"
  version = "v1.0.0"

[[projects]]
  digest = "1:15ad8a80098fcc7a194b9db6b26d74072a852e4faa957848c8118193d3c69230"
  name = "github.com/valyala/fasthttp"
  packages = [
    ".",
    "fasthttputil",
    "stackless",
  ]
  pruneopts = "UT"
  revision = "e5f51c11919d4f66400334047b897ef0a94c6f3c"
  version = "v20180529"

[solve-meta]
  analyzer-name = "dep"
  analyzer-version = 1
  input-imports = [
    "github.com/benthor/clustersql",
    "github.com/dgrijalva/jwt-go",
    "github.com/fasthttp/router",
    "github.com/go-sql-driver/mysql",
    "github.com/huandu/go-sqlbuilder",
    "github.com/patrickmn/go-cache",
    "github.com/valyala/fasthttp",
  ]
  solver-name = "gps-cdcl"
  solver-version = 1
